
Microsoft Visual Studio Solution File, Format Version 11.00
# Visual Studio 2010
Project("{FAE04EC0-301F-11D3-BF4B-00C04F79EFBC}") = "FlightService", "FlightService\FlightService.csproj", "{1575557E-1F65-4B87-ACF5-23F4350ACF6A}"
EndProject
Project("{FAE04EC0-301F-11D3-BF4B-00C04F79EFBC}") = "TravelAgency", "TravelAgency\TravelAgency.csproj", "{B2FB2FA1-1F2F-46BD-BAD2-5943EF593AA5}"
EndProject
Project("{FAE04EC0-301F-11D3-BF4B-00C04F79EFBC}") = "AirlineApp", "AirlineApp\AirlineApp.csproj", "{42A8C5BF-CD6A-4979-B00F-10B40912EF3E}"
EndProject
Global
	GlobalSection(SolutionConfigurationPlatforms) = preSolution
		Debug|Any CPU = Debug|Any CPU
		Release|Any CPU = Release|Any CPU
	EndGlobalSection
	GlobalSection(ProjectConfigurationPlatforms) = postSolution
		{1575557E-1F65-4B87-ACF5-23F4350ACF6A}.Debug|Any CPU.ActiveCfg = Debug|Any CPU
		{1575557E-1F65-4B87-ACF5-23F4350ACF6A}.Debug|Any CPU.Build.0 = Debug|Any CPU
		{1575557E-1F65-4B87-ACF5-23F4350ACF6A}.Release|Any CPU.ActiveCfg = Release|Any CPU
		{1575557E-1F65-4B87-ACF5-23F4350ACF6A}.Release|Any CPU.Build.0 = Release|Any CPU
		{B2FB2FA1-1F2F-46BD-BAD2-5943EF593AA5}.Debug|Any CPU.ActiveCfg = Debug|Any CPU
		{B2FB2FA1-1F2F-46BD-BAD2-5943EF593AA5}.Debug|Any CPU.Build.0 = Debug|Any CPU
		{B2FB2FA1-1F2F-46BD-BAD2-5943EF593AA5}.Release|Any CPU.ActiveCfg = Release|Any CPU
		{B2FB2FA1-1F2F-46BD-BAD2-5943EF593AA5}.Release|Any CPU.Build.0 = Release|Any CPU
		{42A8C5BF-CD6A-4979-B00F-10B40912EF3E}.Debug|Any CPU.ActiveCfg = Debug|Any CPU
		{42A8C5BF-CD6A-4979-B00F-10B40912EF3E}.Debug|Any CPU.Build.0 = Debug|Any CPU
		{42A8C5BF-CD6A-4979-B00F-10B40912EF3E}.Release|Any CPU.ActiveCfg = Release|Any CPU
		{42A8C5BF-CD6A-4979-B00F-10B40912EF3E}.Release|Any CPU.Build.0 = Release|Any CPU
	EndGlobalSection
	GlobalSection(SolutionProperties) = preSolution
		HideSolutionNode = FALSE
	EndGlobalSection
EndGlobal
